// !$*UTF8*$!
{
	archiveVersion = 1;
	classes = {
	};
	objectVersion = 50;
	objects = {

/* Begin PBXBuildFile section */
		BF03753322C9458400D7BED3 /* Assets.xcassets in Resources */ = {isa = PBXBuildFile; fileRef = BF03753222C9458400D7BED3 /* Assets.xcassets */; };
		BF03753522C98A8200D7BED3 /* WelcomeViewController.swift in Sources */ = {isa = PBXBuildFile; fileRef = BF03753422C98A8200D7BED3 /* WelcomeViewController.swift */; };
		BF03753722C98A9900D7BED3 /* QuestionViewController.swift in Sources */ = {isa = PBXBuildFile; fileRef = BF03753622C98A9900D7BED3 /* QuestionViewController.swift */; };
		BF03753922C98AC200D7BED3 /* ResultViewController.swift in Sources */ = {isa = PBXBuildFile; fileRef = BF03753822C98AC200D7BED3 /* ResultViewController.swift */; };
		BF4C92E822CD727200D71411 /* Question.swift in Sources */ = {isa = PBXBuildFile; fileRef = BF4C92E722CD727200D71411 /* Question.swift */; };
		BF4C92EA22CD737100D71411 /* ResponsType.swift in Sources */ = {isa = PBXBuildFile; fileRef = BF4C92E922CD737100D71411 /* ResponsType.swift */; };
		BF4C92EC22CD74BD00D71411 /* Answer.swift in Sources */ = {isa = PBXBuildFile; fileRef = BF4C92EB22CD74BD00D71411 /* Answer.swift */; };
		BF4C92EE22CD754500D71411 /* QualityLife.swift in Sources */ = {isa = PBXBuildFile; fileRef = BF4C92ED22CD754500D71411 /* QualityLife.swift */; };
		BF4C92F222CEAA5500D71411 /* Support.swift in Sources */ = {isa = PBXBuildFile; fileRef = BF4C92F122CEAA5500D71411 /* Support.swift */; };
		BFAB29E422C911F300C8276B /* AppDelegate.swift in Sources */ = {isa = PBXBuildFile; fileRef = BFAB29E322C911F300C8276B /* AppDelegate.swift */; };
		BFAB29E922C911F300C8276B /* Main.storyboard in Resources */ = {isa = PBXBuildFile; fileRef = BFAB29E722C911F300C8276B /* Main.storyboard */; };
		BFAB29EE22C911F500C8276B /* LaunchScreen.storyboard in Resources */ = {isa = PBXBuildFile; fileRef = BFAB29EC22C911F500C8276B /* LaunchScreen.storyboard */; };
/* End PBXBuildFile section */

/* Begin PBXFileReference section */
		BF03753222C9458400D7BED3 /* Assets.xcassets */ = {isa = PBXFileReference; lastKnownFileType = folder.assetcatalog; path = Assets.xcassets; sourceTree = "<group>"; };
		BF03753422C98A8200D7BED3 /* WelcomeViewController.swift */ = {isa = PBXFileReference; lastKnownFileType = sourcecode.swift; path = WelcomeViewController.swift; sourceTree = "<group>"; };
		BF03753622C98A9900D7BED3 /* QuestionViewController.swift */ = {isa = PBXFileReference; lastKnownFileType = sourcecode.swift; path = QuestionViewController.swift; sourceTree = "<group>"; };
		BF03753822C98AC200D7BED3 /* ResultViewController.swift */ = {isa = PBXFileReference; lastKnownFileType = sourcecode.swift; path = ResultViewController.swift; sourceTree = "<group>"; };
		BF4C92E722CD727200D71411 /* Question.swift */ = {isa = PBXFileReference; lastKnownFileType = sourcecode.swift; path = Question.swift; sourceTree = "<group>"; };
		BF4C92E922CD737100D71411 /* ResponsType.swift */ = {isa = PBXFileReference; lastKnownFileType = sourcecode.swift; path = ResponsType.swift; sourceTree = "<group>"; };
		BF4C92EB22CD74BD00D71411 /* Answer.swift */ = {isa = PBXFileReference; lastKnownFileType = sourcecode.swift; path = Answer.swift; sourceTree = "<group>"; };
		BF4C92ED22CD754500D71411 /* QualityLife.swift */ = {isa = PBXFileReference; lastKnownFileType = sourcecode.swift; path = QualityLife.swift; sourceTree = "<group>"; };
		BF4C92F122CEAA5500D71411 /* Support.swift */ = {isa = PBXFileReference; lastKnownFileType = sourcecode.swift; path = Support.swift; sourceTree = "<group>"; };
		BFAB29E022C911F300C8276B /* Lesson3QuzletWebinar3.app */ = {isa = PBXFileReference; explicitFileType = wrapper.application; includeInIndex = 0; path = Lesson3QuzletWebinar3.app; sourceTree = BUILT_PRODUCTS_DIR; };
		BFAB29E322C911F300C8276B /* AppDelegate.swift */ = {isa = PBXFileReference; lastKnownFileType = sourcecode.swift; path = AppDelegate.swift; sourceTree = "<group>"; };
		BFAB29E822C911F300C8276B /* Base */ = {isa = PBXFileReference; lastKnownFileType = file.storyboard; name = Base; path = Base.lproj/Main.storyboard; sourceTree = "<group>"; };
		BFAB29ED22C911F500C8276B /* Base */ = {isa = PBXFileReference; lastKnownFileType = file.storyboard; name = Base; path = Base.lproj/LaunchScreen.storyboard; sourceTree = "<group>"; };
		BFAB29EF22C911F500C8276B /* Info.plist */ = {isa = PBXFileReference; lastKnownFileType = text.plist.xml; path = Info.plist; sourceTree = "<group>"; };
/* End PBXFileReference section */

/* Begin PBXFrameworksBuildPhase section */
		BFAB29DD22C911F300C8276B /* Frameworks */ = {
			isa = PBXFrameworksBuildPhase;
			buildActionMask = 2147483647;
			files = (
			);
			runOnlyForDeploymentPostprocessing = 0;
		};
/* End PBXFrameworksBuildPhase section */

/* Begin PBXGroup section */
		BFAB29D722C911F300C8276B = {
			isa = PBXGroup;
			children = (
				BFAB29E222C911F300C8276B /* Lesson3QuzletWebinar3 */,
				BFAB29E122C911F300C8276B /* Products */,
			);
			sourceTree = "<group>";
		};
		BFAB29E122C911F300C8276B /* Products */ = {
			isa = PBXGroup;
			children = (
				BFAB29E022C911F300C8276B /* Lesson3QuzletWebinar3.app */,
			);
			name = Products;
			sourceTree = "<group>";
		};
		BFAB29E222C911F300C8276B /* Lesson3QuzletWebinar3 */ = {
			isa = PBXGroup;
			children = (
				BFAB29F722C9134800C8276B /* View */,
				BFAB29F622C9133C00C8276B /* Controller */,
				BFAB29F522C9132E00C8276B /* Models */,
				BFAB29EF22C911F500C8276B /* Info.plist */,
				BF03753222C9458400D7BED3 /* Assets.xcassets */,
			);
			path = Lesson3QuzletWebinar3;
			sourceTree = "<group>";
		};
		BFAB29F522C9132E00C8276B /* Models */ = {
			isa = PBXGroup;
			children = (
				BF4C92E722CD727200D71411 /* Question.swift */,
				BF4C92E922CD737100D71411 /* ResponsType.swift */,
				BF4C92EB22CD74BD00D71411 /* Answer.swift */,
				BF4C92ED22CD754500D71411 /* QualityLife.swift */,
				BF4C92F122CEAA5500D71411 /* Support.swift */,
			);
			path = Models;
			sourceTree = "<group>";
		};
		BFAB29F622C9133C00C8276B /* Controller */ = {
			isa = PBXGroup;
			children = (
				BFAB29E322C911F300C8276B /* AppDelegate.swift */,
				BF03753422C98A8200D7BED3 /* WelcomeViewController.swift */,
				BF03753622C98A9900D7BED3 /* QuestionViewController.swift */,
				BF03753822C98AC200D7BED3 /* ResultViewController.swift */,
			);
			path = Controller;
			sourceTree = "<group>";
		};
		BFAB29F722C9134800C8276B /* View */ = {
			isa = PBXGroup;
			children = (
				BFAB29EC22C911F500C8276B /* LaunchScreen.storyboard */,
				BFAB29E722C911F300C8276B /* Main.storyboard */,
			);
			path = View;
			sourceTree = "<group>";
		};
/* End PBXGroup section */

/* Begin PBXNativeTarget section */
		BFAB29DF22C911F300C8276B /* Lesson3QuzletWebinar3 */ = {
			isa = PBXNativeTarget;
			buildConfigurationList = BFAB29F222C911F500C8276B /* Build configuration list for PBXNativeTarget "Lesson3QuzletWebinar3" */;
			buildPhases = (
				BFAB29DC22C911F300C8276B /* Sources */,
				BFAB29DD22C911F300C8276B /* Frameworks */,
				BFAB29DE22C911F300C8276B /* Resources */,
			);
			buildRules = (
			);
			dependencies = (
			);
			name = Lesson3QuzletWebinar3;
			productName = Lesson3QuzletWebinar3;
			productReference = BFAB29E022C911F300C8276B /* Lesson3QuzletWebinar3.app */;
			productType = "com.apple.product-type.application";
		};
/* End PBXNativeTarget section */

/* Begin PBXProject section */
		BFAB29D822C911F300C8276B /* Project object */ = {
			isa = PBXProject;
			attributes = {
				LastSwiftUpdateCheck = 1010;
				LastUpgradeCheck = 1010;
				ORGANIZATIONNAME = "Сергей Калмыков";
				TargetAttributes = {
					BFAB29DF22C911F300C8276B = {
						CreatedOnToolsVersion = 10.1;
					};
				};
			};
			buildConfigurationList = BFAB29DB22C911F300C8276B /* Build configuration list for PBXProject "Lesson3QuzletWebinar3" */;
			compatibilityVersion = "Xcode 9.3";
			developmentRegion = en;
			hasScannedForEncodings = 0;
			knownRegions = (
				en,
				Base,
			);
			mainGroup = BFAB29D722C911F300C8276B;
			productRefGroup = BFAB29E122C911F300C8276B /* Products */;
			projectDirPath = "";
			projectRoot = "";
			targets = (
				BFAB29DF22C911F300C8276B /* Lesson3QuzletWebinar3 */,
			);
		};
/* End PBXProject section */

/* Begin PBXResourcesBuildPhase section */
		BFAB29DE22C911F300C8276B /* Resources */ = {
			isa = PBXResourcesBuildPhase;
			buildActionMask = 2147483647;
			files = (
				BFAB29EE22C911F500C8276B /* LaunchScreen.storyboard in Resources */,
				BF03753322C9458400D7BED3 /* Assets.xcassets in Resources */,
				BFAB29E922C911F300C8276B /* Main.storyboard in Resources */,
			);
			runOnlyForDeploymentPostprocessing = 0;
		};
/* End PBXResourcesBuildPhase section */

/* Begin PBXSourcesBuildPhase section */
		BFAB29DC22C911F300C8276B /* Sources */ = {
			isa = PBXSourcesBuildPhase;
			buildActionMask = 2147483647;
			files = (
				BF4C92E822CD727200D71411 /* Question.swift in Sources */,
				BFAB29E422C911F300C8276B /* AppDelegate.swift in Sources */,
				BF4C92EC22CD74BD00D71411 /* Answer.swift in Sources */,
				BF4C92EA22CD737100D71411 /* ResponsType.swift in Sources */,
				BF03753522C98A8200D7BED3 /* WelcomeViewController.swift in Sources */,
				BF4C92EE22CD754500D71411 /* QualityLife.swift in Sources */,
				BF03753722C98A9900D7BED3 /* QuestionViewController.swift in Sources */,
				BF03753922C98AC200D7BED3 /* ResultViewController.swift in Sources */,
				BF4C92F222CEAA5500D71411 /* Support.swift in Sources */,
			);
			runOnlyForDeploymentPostprocessing = 0;
		};
/* End PBXSourcesBuildPhase section */

/* Begin PBXVariantGroup section */
		BFAB29E722C911F300C8276B /* Main.storyboard */ = {
			isa = PBXVariantGroup;
			children = (
				BFAB29E822C911F300C8276B /* Base */,
			);
			name = Main.storyboard;
			sourceTree = "<group>";
		};
		BFAB29EC22C911F500C8276B /* LaunchScreen.storyboard */ = {
			isa = PBXVariantGroup;
			children = (
				BFAB29ED22C911F500C8276B /* Base */,
			);
			name = LaunchScreen.storyboard;
			sourceTree = "<group>";
		};
/* End PBXVariantGroup section */

/* Begin XCBuildConfiguration section */
		BFAB29F022C911F500C8276B /* Debug */ = {
			isa = XCBuildConfiguration;
			buildSettings = {
				ALWAYS_SEARCH_USER_PATHS = NO;
				CLANG_ANALYZER_NONNULL = YES;
				CLANG_ANALYZER_NUMBER_OBJECT_CONVERSION = YES_AGGRESSIVE;
				CLANG_CXX_LANGUAGE_STANDARD = "gnu++14";
				CLANG_CXX_LIBRARY = "libc++";
				CLANG_ENABLE_MODULES = YES;
				CLANG_ENABLE_OBJC_ARC = YES;
				CLANG_ENABLE_OBJC_WEAK = YES;
				CLANG_WARN_BLOCK_CAPTURE_AUTORELEASING = YES;
				CLANG_WARN_BOOL_CONVERSION = YES;
				CLANG_WARN_COMMA = YES;
				CLANG_WARN_CONSTANT_CONVERSION = YES;
				CLANG_WARN_DEPRECATED_OBJC_IMPLEMENTATIONS = YES;
				CLANG_WARN_DIRECT_OBJC_ISA_USAGE = YES_ERROR;
				CLANG_WARN_DOCUMENTATION_COMMENTS = YES;
				CLANG_WARN_EMPTY_BODY = YES;
				CLANG_WARN_ENUM_CONVERSION = YES;
				CLANG_WARN_INFINITE_RECURSION = YES;
				CLANG_WARN_INT_CONVERSION = YES;
				CLANG_WARN_NON_LITERAL_NULL_CONVERSION = YES;
				CLANG_WARN_OBJC_IMPLICIT_RETAIN_SELF = YES;
				CLANG_WARN_OBJC_LITERAL_CONVERSION = YES;
				CLANG_WARN_OBJC_ROOT_CLASS = YES_ERROR;
				CLANG_WARN_RANGE_LOOP_ANALYSIS = YES;
				CLANG_WARN_STRICT_PROTOTYPES = YES;
				CLANG_WARN_SUSPICIOUS_MOVE = YES;
				CLANG_WARN_UNGUARDED_AVAILABILITY = YES_AGGRESSIVE;
				CLANG_WARN_UNREACHABLE_CODE = YES;
				CLANG_WARN__DUPLICATE_METHOD_MATCH = YES;
				CODE_SIGN_IDENTITY = "iPhone Developer";
				COPY_PHASE_STRIP = NO;
				DEBUG_INFORMATION_FORMAT = dwarf;
				ENABLE_STRICT_OBJC_MSGSEND = YES;
				ENABLE_TESTABILITY = YES;
				GCC_C_LANGUAGE_STANDARD = gnu11;
				GCC_DYNAMIC_NO_PIC = NO;
				GCC_NO_COMMON_BLOCKS = YES;
				GCC_OPTIMIZATION_LEVEL = 0;
				GCC_PREPROCESSOR_DEFINITIONS = (
					"DEBUG=1",
					"$(inherited)",
				);
				GCC_WARN_64_TO_32_BIT_CONVERSION = YES;
				GCC_WARN_ABOUT_RETURN_TYPE = YES_ERROR;
				GCC_WARN_UNDECLARED_SELECTOR = YES;
				GCC_WARN_UNINITIALIZED_AUTOS = YES_AGGRESSIVE;
				GCC_WARN_UNUSED_FUNCTION = YES;
				GCC_WARN_UNUSED_VARIABLE = YES;
				IPHONEOS_DEPLOYMENT_TARGET = 12.1;
				MTL_ENABLE_DEBUG_INFO = INCLUDE_SOURCE;
				MTL_FAST_MATH = YES;
				ONLY_ACTIVE_ARCH = YES;
				SDKROOT = iphoneos;
				SWIFT_ACTIVE_COMPILATION_CONDITIONS = DEBUG;
				SWIFT_OPTIMIZATION_LEVEL = "-Onone";
			};
			name = Debug;
		};
		BFAB29F122C911F500C8276B /* Release */ = {
			isa = XCBuildConfiguration;
			buildSettings = {
				ALWAYS_SEARCH_USER_PATHS = NO;
				CLANG_ANALYZER_NONNULL = YES;
				CLANG_ANALYZER_NUMBER_OBJECT_CONVERSION = YES_AGGRESSIVE;
				CLANG_CXX_LANGUAGE_STANDARD = "gnu++14";
				CLANG_CXX_LIBRARY = "libc++";
				CLANG_ENABLE_MODULES = YES;
				CLANG_ENABLE_OBJC_ARC = YES;
				CLANG_ENABLE_OBJC_WEAK = YES;
				CLANG_WARN_BLOCK_CAPTURE_AUTORELEASING = YES;
				CLANG_WARN_BOOL_CONVERSION = YES;
				CLANG_WARN_COMMA = YES;
				CLANG_WARN_CONSTANT_CONVERSION = YES;
				CLANG_WARN_DEPRECATED_OBJC_IMPLEMENTATIONS = YES;
				CLANG_WARN_DIRECT_OBJC_ISA_USAGE = YES_ERROR;
				CLANG_WARN_DOCUMENTATION_COMMENTS = YES;
				CLANG_WARN_EMPTY_BODY = YES;
				CLANG_WARN_ENUM_CONVERSION = YES;
				CLANG_WARN_INFINITE_RECURSION = YES;
				CLANG_WARN_INT_CONVERSION = YES;
				CLANG_WARN_NON_LITERAL_NULL_CONVERSION = YES;
				CLANG_WARN_OBJC_IMPLICIT_RETAIN_SELF = YES;
				CLANG_WARN_OBJC_LITERAL_CONVERSION = YES;
				CLANG_WARN_OBJC_ROOT_CLASS = YES_ERROR;
				CLANG_WARN_RANGE_LOOP_ANALYSIS = YES;
				CLANG_WARN_STRICT_PROTOTYPES = YES;
				CLANG_WARN_SUSPICIOUS_MOVE = YES;
				CLANG_WARN_UNGUARDED_AVAILABILITY = YES_AGGRESSIVE;
				CLANG_WARN_UNREACHABLE_CODE = YES;
				CLANG_WARN__DUPLICATE_METHOD_MATCH = YES;
				CODE_SIGN_IDENTITY = "iPhone Developer";
				COPY_PHASE_STRIP = NO;
				DEBUG_INFORMATION_FORMAT = "dwarf-with-dsym";
				ENABLE_NS_ASSERTIONS = NO;
				ENABLE_STRICT_OBJC_MSGSEND = YES;
				GCC_C_LANGUAGE_STANDARD = gnu11;
				GCC_NO_COMMON_BLOCKS = YES;
				GCC_WARN_64_TO_32_BIT_CONVERSION = YES;
				GCC_WARN_ABOUT_RETURN_TYPE = YES_ERROR;
				GCC_WARN_UNDECLARED_SELECTOR = YES;
				GCC_WARN_UNINITIALIZED_AUTOS = YES_AGGRESSIVE;
				GCC_WARN_UNUSED_FUNCTION = YES;
				GCC_WARN_UNUSED_VARIABLE = YES;
				IPHONEOS_DEPLOYMENT_TARGET = 12.1;
				MTL_ENABLE_DEBUG_INFO = NO;
				MTL_FAST_MATH = YES;
				SDKROOT = iphoneos;
				SWIFT_COMPILATION_MODE = wholemodule;
				SWIFT_OPTIMIZATION_LEVEL = "-O";
				VALIDATE_PRODUCT = YES;
			};
			name = Release;
		};
		BFAB29F322C911F500C8276B /* Debug */ = {
			isa = XCBuildConfiguration;
			buildSettings = {
				ASSETCATALOG_COMPILER_APPICON_NAME = AppIcon;
				CODE_SIGN_STYLE = Automatic;
				DEVELOPMENT_TEAM = N2A76LW682;
				INFOPLIST_FILE = Lesson3QuzletWebinar3/Info.plist;
				LD_RUNPATH_SEARCH_PATHS = (
					"$(inherited)",
					"@executable_path/Frameworks",
				);
				PRODUCT_BUNDLE_IDENTIFIER = ru.serg.Lesson3QuzletWebinar3;
				PRODUCT_NAME = "$(TARGET_NAME)";
				SWIFT_VERSION = 4.2;
				TARGETED_DEVICE_FAMILY = "1,2";
			};
			name = Debug;
		};
		BFAB29F422C911F500C8276B /* Release */ = {
			isa = XCBuildConfiguration;
			buildSettings = {
				ASSETCATALOG_COMPILER_APPICON_NAME = AppIcon;
				CODE_SIGN_STYLE = Automatic;
				DEVELOPMENT_TEAM = N2A76LW682;
				INFOPLIST_FILE = Lesson3QuzletWebinar3/Info.plist;
				LD_RUNPATH_SEARCH_PATHS = (
					"$(inherited)",
					"@executable_path/Frameworks",
				);
				PRODUCT_BUNDLE_IDENTIFIER = ru.serg.Lesson3QuzletWebinar3;
				PRODUCT_NAME = "$(TARGET_NAME)";
				SWIFT_VERSION = 4.2;
				TARGETED_DEVICE_FAMILY = "1,2";
			};
			name = Release;
		};
/* End XCBuildConfiguration section */

/* Begin XCConfigurationList section */
		BFAB29DB22C911F300C8276B /* Build configuration list for PBXProject "Lesson3QuzletWebinar3" */ = {
			isa = XCConfigurationList;
			buildConfigurations = (
				BFAB29F022C911F500C8276B /* Debug */,
				BFAB29F122C911F500C8276B /* Release */,
			);
			defaultConfigurationIsVisible = 0;
			defaultConfigurationName = Release;
		};
		BFAB29F222C911F500C8276B /* Build configuration list for PBXNativeTarget "Lesson3QuzletWebinar3" */ = {
			isa = XCConfigurationList;
			buildConfigurations = (
				BFAB29F322C911F500C8276B /* Debug */,
				BFAB29F422C911F500C8276B /* Release */,
			);
			defaultConfigurationIsVisible = 0;
			defaultConfigurationName = Release;
		};
/* End XCConfigurationList section */
	};
	rootObject = BFAB29D822C911F300C8276B /* Project object */;
}
